// !$*UTF8*$!
{
	archiveVersion = 1;
	classes = {
	};
	objectVersion = 56;
	objects = {

/* Begin PBXBuildFile section */
		759A61522C36339C000C381C /* MenuView.swift in Sources */ = {isa = PBXBuildFile; fileRef = 759A61512C36339C000C381C /* MenuView.swift */; };
		759A61542C3633BC000C381C /* MenuCell.swift in Sources */ = {isa = PBXBuildFile; fileRef = 759A61532C3633BC000C381C /* MenuCell.swift */; };
		759A61562C36387B000C381C /* DataContainer.swift in Sources */ = {isa = PBXBuildFile; fileRef = 759A61552C36387B000C381C /* DataContainer.swift */; };
		759A61582C363927000C381C /* Menu.swift in Sources */ = {isa = PBXBuildFile; fileRef = 759A61572C363927000C381C /* Menu.swift */; };
		75DE9BEE2C33C37D006FBF64 /* AppDelegate.swift in Sources */ = {isa = PBXBuildFile; fileRef = 75DE9BED2C33C37D006FBF64 /* AppDelegate.swift */; };
		75DE9BF02C33C37D006FBF64 /* SceneDelegate.swift in Sources */ = {isa = PBXBuildFile; fileRef = 75DE9BEF2C33C37D006FBF64 /* SceneDelegate.swift */; };
		75DE9BF22C33C37D006FBF64 /* ViewController.swift in Sources */ = {isa = PBXBuildFile; fileRef = 75DE9BF12C33C37D006FBF64 /* ViewController.swift */; };
		75DE9BF72C33C381006FBF64 /* Assets.xcassets in Resources */ = {isa = PBXBuildFile; fileRef = 75DE9BF62C33C381006FBF64 /* Assets.xcassets */; };
		75DE9BFA2C33C381006FBF64 /* Base in Resources */ = {isa = PBXBuildFile; fileRef = 75DE9BF92C33C381006FBF64 /* Base */; };
		C77350C22C379AC6002E837D /* CartCell.swift in Sources */ = {isa = PBXBuildFile; fileRef = C77350C12C379AC6002E837D /* CartCell.swift */; };
		C77350C42C37A9D4002E837D /* CartInfo.swift in Sources */ = {isa = PBXBuildFile; fileRef = C77350C32C37A9D4002E837D /* CartInfo.swift */; };
		CB61FEC72C33D7220048FC52 /* SnapKit in Frameworks */ = {isa = PBXBuildFile; productRef = CB61FEC62C33D7220048FC52 /* SnapKit */; };
/* End PBXBuildFile section */

/* Begin PBXFileReference section */
		759A61512C36339C000C381C /* MenuView.swift */ = {isa = PBXFileReference; lastKnownFileType = sourcecode.swift; path = MenuView.swift; sourceTree = "<group>"; };
		759A61532C3633BC000C381C /* MenuCell.swift */ = {isa = PBXFileReference; lastKnownFileType = sourcecode.swift; path = MenuCell.swift; sourceTree = "<group>"; };
		759A61552C36387B000C381C /* DataContainer.swift */ = {isa = PBXFileReference; lastKnownFileType = sourcecode.swift; path = DataContainer.swift; sourceTree = "<group>"; };
		759A61572C363927000C381C /* Menu.swift */ = {isa = PBXFileReference; lastKnownFileType = sourcecode.swift; path = Menu.swift; sourceTree = "<group>"; };
		75DE9BEA2C33C37D006FBF64 /* Spartang.app */ = {isa = PBXFileReference; explicitFileType = wrapper.application; includeInIndex = 0; path = Spartang.app; sourceTree = BUILT_PRODUCTS_DIR; };
		75DE9BED2C33C37D006FBF64 /* AppDelegate.swift */ = {isa = PBXFileReference; lastKnownFileType = sourcecode.swift; path = AppDelegate.swift; sourceTree = "<group>"; };
		75DE9BEF2C33C37D006FBF64 /* SceneDelegate.swift */ = {isa = PBXFileReference; lastKnownFileType = sourcecode.swift; path = SceneDelegate.swift; sourceTree = "<group>"; };
		75DE9BF12C33C37D006FBF64 /* ViewController.swift */ = {isa = PBXFileReference; lastKnownFileType = sourcecode.swift; path = ViewController.swift; sourceTree = "<group>"; };
		75DE9BF62C33C381006FBF64 /* Assets.xcassets */ = {isa = PBXFileReference; lastKnownFileType = folder.assetcatalog; path = Assets.xcassets; sourceTree = "<group>"; };
		75DE9BF92C33C381006FBF64 /* Base */ = {isa = PBXFileReference; lastKnownFileType = file.storyboard; name = Base; path = Base.lproj/LaunchScreen.storyboard; sourceTree = "<group>"; };
		75DE9BFB2C33C381006FBF64 /* Info.plist */ = {isa = PBXFileReference; lastKnownFileType = text.plist.xml; path = Info.plist; sourceTree = "<group>"; };
		C77350C12C379AC6002E837D /* CartCell.swift */ = {isa = PBXFileReference; lastKnownFileType = sourcecode.swift; path = CartCell.swift; sourceTree = "<group>"; };
		C77350C32C37A9D4002E837D /* CartInfo.swift */ = {isa = PBXFileReference; lastKnownFileType = sourcecode.swift; name = CartInfo.swift; path = Spartang/CartInfo.swift; sourceTree = SOURCE_ROOT; };
/* End PBXFileReference section */

/* Begin PBXFrameworksBuildPhase section */
		75DE9BE72C33C37D006FBF64 /* Frameworks */ = {
			isa = PBXFrameworksBuildPhase;
			buildActionMask = 2147483647;
			files = (
				CB61FEC72C33D7220048FC52 /* SnapKit in Frameworks */,
			);
			runOnlyForDeploymentPostprocessing = 0;
		};
/* End PBXFrameworksBuildPhase section */

/* Begin PBXGroup section */
		759A61592C3640A5000C381C /* ResourceManager */ = {
			isa = PBXGroup;
			children = (
			);
			path = ResourceManager;
			sourceTree = "<group>";
		};
		75DE9BE12C33C37D006FBF64 = {
			isa = PBXGroup;
			children = (
				75DE9BEC2C33C37D006FBF64 /* Spartang */,
				75DE9BEB2C33C37D006FBF64 /* Products */,
			);
			sourceTree = "<group>";
		};
		75DE9BEB2C33C37D006FBF64 /* Products */ = {
			isa = PBXGroup;
			children = (
				75DE9BEA2C33C37D006FBF64 /* Spartang.app */,
			);
			name = Products;
			sourceTree = "<group>";
		};
		75DE9BEC2C33C37D006FBF64 /* Spartang */ = {
			isa = PBXGroup;
			children = (
				759A61592C3640A5000C381C /* ResourceManager */,
				75DE9BED2C33C37D006FBF64 /* AppDelegate.swift */,
				75DE9BEF2C33C37D006FBF64 /* SceneDelegate.swift */,
				75DE9BF12C33C37D006FBF64 /* ViewController.swift */,
				75DE9BF62C33C381006FBF64 /* Assets.xcassets */,
				75DE9BF82C33C381006FBF64 /* LaunchScreen.storyboard */,
				75DE9BFB2C33C381006FBF64 /* Info.plist */,
				759A61552C36387B000C381C /* DataContainer.swift */,
				759A61512C36339C000C381C /* MenuView.swift */,
				759A61532C3633BC000C381C /* MenuCell.swift */,
				759A61572C363927000C381C /* Menu.swift */,
				C77350C32C37A9D4002E837D /* CartInfo.swift */,
				C77350C12C379AC6002E837D /* CartCell.swift */,
			);
			path = Spartang;
			sourceTree = "<group>";
		};
/* End PBXGroup section */

/* Begin PBXNativeTarget section */
		75DE9BE92C33C37D006FBF64 /* Spartang */ = {
			isa = PBXNativeTarget;
			buildConfigurationList = 75DE9BFE2C33C381006FBF64 /* Build configuration list for PBXNativeTarget "Spartang" */;
			buildPhases = (
				75DE9BE62C33C37D006FBF64 /* Sources */,
				75DE9BE72C33C37D006FBF64 /* Frameworks */,
				75DE9BE82C33C37D006FBF64 /* Resources */,
			);
			buildRules = (
			);
			dependencies = (
			);
			name = Spartang;
			packageProductDependencies = (
				CB61FEC62C33D7220048FC52 /* SnapKit */,
			);
			productName = Spartang;
			productReference = 75DE9BEA2C33C37D006FBF64 /* Spartang.app */;
			productType = "com.apple.product-type.application";
		};
/* End PBXNativeTarget section */

/* Begin PBXProject section */
		75DE9BE22C33C37D006FBF64 /* Project object */ = {
			isa = PBXProject;
			attributes = {
				BuildIndependentTargetsInParallel = 1;
				LastSwiftUpdateCheck = 1540;
				LastUpgradeCheck = 1540;
				TargetAttributes = {
					75DE9BE92C33C37D006FBF64 = {
						CreatedOnToolsVersion = 15.4;
					};
				};
			};
			buildConfigurationList = 75DE9BE52C33C37D006FBF64 /* Build configuration list for PBXProject "Spartang" */;
			compatibilityVersion = "Xcode 14.0";
			developmentRegion = en;
			hasScannedForEncodings = 0;
			knownRegions = (
				en,
				Base,
			);
			mainGroup = 75DE9BE12C33C37D006FBF64;
			packageReferences = (
				CB61FEC52C33D7220048FC52 /* XCRemoteSwiftPackageReference "SnapKit" */,
			);
			productRefGroup = 75DE9BEB2C33C37D006FBF64 /* Products */;
			projectDirPath = "";
			projectRoot = "";
			targets = (
				75DE9BE92C33C37D006FBF64 /* Spartang */,
			);
		};
/* End PBXProject section */

/* Begin PBXResourcesBuildPhase section */
		75DE9BE82C33C37D006FBF64 /* Resources */ = {
			isa = PBXResourcesBuildPhase;
			buildActionMask = 2147483647;
			files = (
				75DE9BF72C33C381006FBF64 /* Assets.xcassets in Resources */,
				75DE9BFA2C33C381006FBF64 /* Base in Resources */,
			);
			runOnlyForDeploymentPostprocessing = 0;
		};
/* End PBXResourcesBuildPhase section */

/* Begin PBXSourcesBuildPhase section */
		75DE9BE62C33C37D006FBF64 /* Sources */ = {
			isa = PBXSourcesBuildPhase;
			buildActionMask = 2147483647;
			files = (
				C77350C42C37A9D4002E837D /* CartInfo.swift in Sources */,
				759A61582C363927000C381C /* Menu.swift in Sources */,
				75DE9BF22C33C37D006FBF64 /* ViewController.swift in Sources */,
				759A61542C3633BC000C381C /* MenuCell.swift in Sources */,
				C77350C22C379AC6002E837D /* CartCell.swift in Sources */,
				759A61522C36339C000C381C /* MenuView.swift in Sources */,
				75DE9BEE2C33C37D006FBF64 /* AppDelegate.swift in Sources */,
				75DE9BF02C33C37D006FBF64 /* SceneDelegate.swift in Sources */,
				759A61562C36387B000C381C /* DataContainer.swift in Sources */,
			);
			runOnlyForDeploymentPostprocessing = 0;
		};
/* End PBXSourcesBuildPhase section */

/* Begin PBXVariantGroup section */
		75DE9BF82C33C381006FBF64 /* LaunchScreen.storyboard */ = {
			isa = PBXVariantGroup;
			children = (
				75DE9BF92C33C381006FBF64 /* Base */,
			);
			name = LaunchScreen.storyboard;
			sourceTree = "<group>";
		};
/* End PBXVariantGroup section */

/* Begin XCBuildConfiguration section */
		75DE9BFC2C33C381006FBF64 /* Debug */ = {
			isa = XCBuildConfiguration;
			buildSettings = {
				ALWAYS_SEARCH_USER_PATHS = NO;
				ASSETCATALOG_COMPILER_GENERATE_SWIFT_ASSET_SYMBOL_EXTENSIONS = YES;
				CLANG_ANALYZER_NONNULL = YES;
				CLANG_ANALYZER_NUMBER_OBJECT_CONVERSION = YES_AGGRESSIVE;
				CLANG_CXX_LANGUAGE_STANDARD = "gnu++20";
				CLANG_ENABLE_MODULES = YES;
				CLANG_ENABLE_OBJC_ARC = YES;
				CLANG_ENABLE_OBJC_WEAK = YES;
				CLANG_WARN_BLOCK_CAPTURE_AUTORELEASING = YES;
				CLANG_WARN_BOOL_CONVERSION = YES;
				CLANG_WARN_COMMA = YES;
				CLANG_WARN_CONSTANT_CONVERSION = YES;
				CLANG_WARN_DEPRECATED_OBJC_IMPLEMENTATIONS = YES;
				CLANG_WARN_DIRECT_OBJC_ISA_USAGE = YES_ERROR;
				CLANG_WARN_DOCUMENTATION_COMMENTS = YES;
				CLANG_WARN_EMPTY_BODY = YES;
				CLANG_WARN_ENUM_CONVERSION = YES;
				CLANG_WARN_INFINITE_RECURSION = YES;
				CLANG_WARN_INT_CONVERSION = YES;
				CLANG_WARN_NON_LITERAL_NULL_CONVERSION = YES;
				CLANG_WARN_OBJC_IMPLICIT_RETAIN_SELF = YES;
				CLANG_WARN_OBJC_LITERAL_CONVERSION = YES;
				CLANG_WARN_OBJC_ROOT_CLASS = YES_ERROR;
				CLANG_WARN_QUOTED_INCLUDE_IN_FRAMEWORK_HEADER = YES;
				CLANG_WARN_RANGE_LOOP_ANALYSIS = YES;
				CLANG_WARN_STRICT_PROTOTYPES = YES;
				CLANG_WARN_SUSPICIOUS_MOVE = YES;
				CLANG_WARN_UNGUARDED_AVAILABILITY = YES_AGGRESSIVE;
				CLANG_WARN_UNREACHABLE_CODE = YES;
				CLANG_WARN__DUPLICATE_METHOD_MATCH = YES;
				COPY_PHASE_STRIP = NO;
				DEBUG_INFORMATION_FORMAT = dwarf;
				ENABLE_STRICT_OBJC_MSGSEND = YES;
				ENABLE_TESTABILITY = YES;
				ENABLE_USER_SCRIPT_SANDBOXING = YES;
				GCC_C_LANGUAGE_STANDARD = gnu17;
				GCC_DYNAMIC_NO_PIC = NO;
				GCC_NO_COMMON_BLOCKS = YES;
				GCC_OPTIMIZATION_LEVEL = 0;
				GCC_PREPROCESSOR_DEFINITIONS = (
					"DEBUG=1",
					"$(inherited)",
				);
				GCC_WARN_64_TO_32_BIT_CONVERSION = YES;
				GCC_WARN_ABOUT_RETURN_TYPE = YES_ERROR;
				GCC_WARN_UNDECLARED_SELECTOR = YES;
				GCC_WARN_UNINITIALIZED_AUTOS = YES_AGGRESSIVE;
				GCC_WARN_UNUSED_FUNCTION = YES;
				GCC_WARN_UNUSED_VARIABLE = YES;
				IPHONEOS_DEPLOYMENT_TARGET = 17.5;
				LOCALIZATION_PREFERS_STRING_CATALOGS = YES;
				MTL_ENABLE_DEBUG_INFO = INCLUDE_SOURCE;
				MTL_FAST_MATH = YES;
				ONLY_ACTIVE_ARCH = YES;
				SDKROOT = iphoneos;
				SWIFT_ACTIVE_COMPILATION_CONDITIONS = "DEBUG $(inherited)";
				SWIFT_OPTIMIZATION_LEVEL = "-Onone";
			};
			name = Debug;
		};
		75DE9BFD2C33C381006FBF64 /* Release */ = {
			isa = XCBuildConfiguration;
			buildSettings = {
				ALWAYS_SEARCH_USER_PATHS = NO;
				ASSETCATALOG_COMPILER_GENERATE_SWIFT_ASSET_SYMBOL_EXTENSIONS = YES;
				CLANG_ANALYZER_NONNULL = YES;
				CLANG_ANALYZER_NUMBER_OBJECT_CONVERSION = YES_AGGRESSIVE;
				CLANG_CXX_LANGUAGE_STANDARD = "gnu++20";
				CLANG_ENABLE_MODULES = YES;
				CLANG_ENABLE_OBJC_ARC = YES;
				CLANG_ENABLE_OBJC_WEAK = YES;
				CLANG_WARN_BLOCK_CAPTURE_AUTORELEASING = YES;
				CLANG_WARN_BOOL_CONVERSION = YES;
				CLANG_WARN_COMMA = YES;
				CLANG_WARN_CONSTANT_CONVERSION = YES;
				CLANG_WARN_DEPRECATED_OBJC_IMPLEMENTATIONS = YES;
				CLANG_WARN_DIRECT_OBJC_ISA_USAGE = YES_ERROR;
				CLANG_WARN_DOCUMENTATION_COMMENTS = YES;
				CLANG_WARN_EMPTY_BODY = YES;
				CLANG_WARN_ENUM_CONVERSION = YES;
				CLANG_WARN_INFINITE_RECURSION = YES;
				CLANG_WARN_INT_CONVERSION = YES;
				CLANG_WARN_NON_LITERAL_NULL_CONVERSION = YES;
				CLANG_WARN_OBJC_IMPLICIT_RETAIN_SELF = YES;
				CLANG_WARN_OBJC_LITERAL_CONVERSION = YES;
				CLANG_WARN_OBJC_ROOT_CLASS = YES_ERROR;
				CLANG_WARN_QUOTED_INCLUDE_IN_FRAMEWORK_HEADER = YES;
				CLANG_WARN_RANGE_LOOP_ANALYSIS = YES;
				CLANG_WARN_STRICT_PROTOTYPES = YES;
				CLANG_WARN_SUSPICIOUS_MOVE = YES;
				CLANG_WARN_UNGUARDED_AVAILABILITY = YES_AGGRESSIVE;
				CLANG_WARN_UNREACHABLE_CODE = YES;
				CLANG_WARN__DUPLICATE_METHOD_MATCH = YES;
				COPY_PHASE_STRIP = NO;
				DEBUG_INFORMATION_FORMAT = "dwarf-with-dsym";
				ENABLE_NS_ASSERTIONS = NO;
				ENABLE_STRICT_OBJC_MSGSEND = YES;
				ENABLE_USER_SCRIPT_SANDBOXING = YES;
				GCC_C_LANGUAGE_STANDARD = gnu17;
				GCC_NO_COMMON_BLOCKS = YES;
				GCC_WARN_64_TO_32_BIT_CONVERSION = YES;
				GCC_WARN_ABOUT_RETURN_TYPE = YES_ERROR;
				GCC_WARN_UNDECLARED_SELECTOR = YES;
				GCC_WARN_UNINITIALIZED_AUTOS = YES_AGGRESSIVE;
				GCC_WARN_UNUSED_FUNCTION = YES;
				GCC_WARN_UNUSED_VARIABLE = YES;
				IPHONEOS_DEPLOYMENT_TARGET = 17.5;
				LOCALIZATION_PREFERS_STRING_CATALOGS = YES;
				MTL_ENABLE_DEBUG_INFO = NO;
				MTL_FAST_MATH = YES;
				SDKROOT = iphoneos;
				SWIFT_COMPILATION_MODE = wholemodule;
				VALIDATE_PRODUCT = YES;
			};
			name = Release;
		};
		75DE9BFF2C33C381006FBF64 /* Debug */ = {
			isa = XCBuildConfiguration;
			buildSettings = {
				ASSETCATALOG_COMPILER_APPICON_NAME = AppIcon;
				ASSETCATALOG_COMPILER_GLOBAL_ACCENT_COLOR_NAME = AccentColor;
				CODE_SIGN_STYLE = Automatic;
				CURRENT_PROJECT_VERSION = 1;
				GENERATE_INFOPLIST_FILE = YES;
				INFOPLIST_FILE = Spartang/Info.plist;
				INFOPLIST_KEY_UIApplicationSupportsIndirectInputEvents = YES;
				INFOPLIST_KEY_UILaunchStoryboardName = LaunchScreen;
				INFOPLIST_KEY_UISupportedInterfaceOrientations = UIInterfaceOrientationPortrait;
				INFOPLIST_KEY_UISupportedInterfaceOrientations_iPad = "UIInterfaceOrientationLandscapeLeft UIInterfaceOrientationLandscapeRight UIInterfaceOrientationPortrait UIInterfaceOrientationPortraitUpsideDown";
				LD_RUNPATH_SEARCH_PATHS = (
					"$(inherited)",
					"@executable_path/Frameworks",
				);
				MARKETING_VERSION = 1.0;
				PRODUCT_BUNDLE_IDENTIFIER = com.yeonyeon.Spartang;
				PRODUCT_NAME = "$(TARGET_NAME)";
				SUPPORTED_PLATFORMS = "iphoneos iphonesimulator";
				SUPPORTS_MACCATALYST = NO;
				SUPPORTS_MAC_DESIGNED_FOR_IPHONE_IPAD = NO;
				SUPPORTS_XR_DESIGNED_FOR_IPHONE_IPAD = NO;
				SWIFT_EMIT_LOC_STRINGS = YES;
				SWIFT_VERSION = 5.0;
				TARGETED_DEVICE_FAMILY = 1;
			};
			name = Debug;
		};
		75DE9C002C33C381006FBF64 /* Release */ = {
			isa = XCBuildConfiguration;
			buildSettings = {
				ASSETCATALOG_COMPILER_APPICON_NAME = AppIcon;
				ASSETCATALOG_COMPILER_GLOBAL_ACCENT_COLOR_NAME = AccentColor;
				CODE_SIGN_STYLE = Automatic;
				CURRENT_PROJECT_VERSION = 1;
				GENERATE_INFOPLIST_FILE = YES;
				INFOPLIST_FILE = Spartang/Info.plist;
				INFOPLIST_KEY_UIApplicationSupportsIndirectInputEvents = YES;
				INFOPLIST_KEY_UILaunchStoryboardName = LaunchScreen;
				INFOPLIST_KEY_UISupportedInterfaceOrientations = UIInterfaceOrientationPortrait;
				INFOPLIST_KEY_UISupportedInterfaceOrientations_iPad = "UIInterfaceOrientationLandscapeLeft UIInterfaceOrientationLandscapeRight UIInterfaceOrientationPortrait UIInterfaceOrientationPortraitUpsideDown";
				LD_RUNPATH_SEARCH_PATHS = (
					"$(inherited)",
					"@executable_path/Frameworks",
				);
				MARKETING_VERSION = 1.0;
				PRODUCT_BUNDLE_IDENTIFIER = com.yeonyeon.Spartang;
				PRODUCT_NAME = "$(TARGET_NAME)";
				SUPPORTED_PLATFORMS = "iphoneos iphonesimulator";
				SUPPORTS_MACCATALYST = NO;
				SUPPORTS_MAC_DESIGNED_FOR_IPHONE_IPAD = NO;
				SUPPORTS_XR_DESIGNED_FOR_IPHONE_IPAD = NO;
				SWIFT_EMIT_LOC_STRINGS = YES;
				SWIFT_VERSION = 5.0;
				TARGETED_DEVICE_FAMILY = 1;
			};
			name = Release;
		};
/* End XCBuildConfiguration section */

/* Begin XCConfigurationList section */
		75DE9BE52C33C37D006FBF64 /* Build configuration list for PBXProject "Spartang" */ = {
			isa = XCConfigurationList;
			buildConfigurations = (
				75DE9BFC2C33C381006FBF64 /* Debug */,
				75DE9BFD2C33C381006FBF64 /* Release */,
			);
			defaultConfigurationIsVisible = 0;
			defaultConfigurationName = Release;
		};
		75DE9BFE2C33C381006FBF64 /* Build configuration list for PBXNativeTarget "Spartang" */ = {
			isa = XCConfigurationList;
			buildConfigurations = (
				75DE9BFF2C33C381006FBF64 /* Debug */,
				75DE9C002C33C381006FBF64 /* Release */,
			);
			defaultConfigurationIsVisible = 0;
			defaultConfigurationName = Release;
		};
/* End XCConfigurationList section */

/* Begin XCRemoteSwiftPackageReference section */
		CB61FEC52C33D7220048FC52 /* XCRemoteSwiftPackageReference "SnapKit" */ = {
			isa = XCRemoteSwiftPackageReference;
			repositoryURL = "https://github.com/SnapKit/SnapKit.git";
			requirement = {
				kind = upToNextMajorVersion;
				minimumVersion = 5.7.1;
			};
		};
/* End XCRemoteSwiftPackageReference section */

/* Begin XCSwiftPackageProductDependency section */
		CB61FEC62C33D7220048FC52 /* SnapKit */ = {
			isa = XCSwiftPackageProductDependency;
			package = CB61FEC52C33D7220048FC52 /* XCRemoteSwiftPackageReference "SnapKit" */;
			productName = SnapKit;
		};
/* End XCSwiftPackageProductDependency section */
	};
	rootObject = 75DE9BE22C33C37D006FBF64 /* Project object */;
}
